// !$*UTF8*$!
{
	archiveVersion = 1;
	classes = {
	};
	objectVersion = 50;
	objects = {

/* Begin PBXBuildFile section */
		F7E89EC420C8AEA400B5E35E /* AppDelegate.swift in Sources */ = {isa = PBXBuildFile; fileRef = F7E89EC320C8AEA400B5E35E /* AppDelegate.swift */; };
		F7E89EC620C8AEA400B5E35E /* ViewController.swift in Sources */ = {isa = PBXBuildFile; fileRef = F7E89EC520C8AEA400B5E35E /* ViewController.swift */; };
		F7E89EC920C8AEA400B5E35E /* Main.storyboard in Resources */ = {isa = PBXBuildFile; fileRef = F7E89EC720C8AEA400B5E35E /* Main.storyboard */; };
		F7E89ECB20C8AEA700B5E35E /* Assets.xcassets in Resources */ = {isa = PBXBuildFile; fileRef = F7E89ECA20C8AEA700B5E35E /* Assets.xcassets */; };
		F7E89ECE20C8AEA700B5E35E /* LaunchScreen.storyboard in Resources */ = {isa = PBXBuildFile; fileRef = F7E89ECC20C8AEA700B5E35E /* LaunchScreen.storyboard */; };
		F7E89ED620C93B1F00B5E35E /* EventProvider.swift in Sources */ = {isa = PBXBuildFile; fileRef = F7E89ED520C93B1F00B5E35E /* EventProvider.swift */; };
		F7E89ED820C951F000B5E35E /* EventManager.swift in Sources */ = {isa = PBXBuildFile; fileRef = F7E89ED720C951F000B5E35E /* EventManager.swift */; };
		F7E89EE220CA9FB800B5E35E /* GameOverViewController.swift in Sources */ = {isa = PBXBuildFile; fileRef = F7E89EE120CA9FB800B5E35E /* GameOverViewController.swift */; };
		F7E89EF020CADD4A00B5E35E /* CorrectDing.wav in Resources */ = {isa = PBXBuildFile; fileRef = F7E89EEF20CADD4A00B5E35E /* CorrectDing.wav */; };
		F7E89EF220CADD5D00B5E35E /* down.wav in Resources */ = {isa = PBXBuildFile; fileRef = F7E89EF120CADD5D00B5E35E /* down.wav */; };
		F7E89EF420CADD6600B5E35E /* IncorrectBuzz.wav in Resources */ = {isa = PBXBuildFile; fileRef = F7E89EF320CADD6600B5E35E /* IncorrectBuzz.wav */; };
		F7E89EF620CADD6E00B5E35E /* NFF-surpriser.wav in Resources */ = {isa = PBXBuildFile; fileRef = F7E89EF520CADD6E00B5E35E /* NFF-surpriser.wav */; };
		F7E89EF820CADD7900B5E35E /* up.wav in Resources */ = {isa = PBXBuildFile; fileRef = F7E89EF720CADD7900B5E35E /* up.wav */; };
		F7E89EFA20CADD9500B5E35E /* NFF-sublime.wav in Resources */ = {isa = PBXBuildFile; fileRef = F7E89EF920CADD9500B5E35E /* NFF-sublime.wav */; };
/* End PBXBuildFile section */

/* Begin PBXFileReference section */
		F7E89EC020C8AEA400B5E35E /* aboutTime.app */ = {isa = PBXFileReference; explicitFileType = wrapper.application; includeInIndex = 0; path = aboutTime.app; sourceTree = BUILT_PRODUCTS_DIR; };
		F7E89EC320C8AEA400B5E35E /* AppDelegate.swift */ = {isa = PBXFileReference; lastKnownFileType = sourcecode.swift; path = AppDelegate.swift; sourceTree = "<group>"; };
		F7E89EC520C8AEA400B5E35E /* ViewController.swift */ = {isa = PBXFileReference; lastKnownFileType = sourcecode.swift; path = ViewController.swift; sourceTree = "<group>"; };
		F7E89EC820C8AEA400B5E35E /* Base */ = {isa = PBXFileReference; lastKnownFileType = file.storyboard; name = Base; path = Base.lproj/Main.storyboard; sourceTree = "<group>"; };
		F7E89ECA20C8AEA700B5E35E /* Assets.xcassets */ = {isa = PBXFileReference; lastKnownFileType = folder.assetcatalog; path = Assets.xcassets; sourceTree = "<group>"; };
		F7E89ECD20C8AEA700B5E35E /* Base */ = {isa = PBXFileReference; lastKnownFileType = file.storyboard; name = Base; path = Base.lproj/LaunchScreen.storyboard; sourceTree = "<group>"; };
		F7E89ECF20C8AEA700B5E35E /* Info.plist */ = {isa = PBXFileReference; lastKnownFileType = text.plist.xml; path = Info.plist; sourceTree = "<group>"; };
		F7E89ED520C93B1F00B5E35E /* EventProvider.swift */ = {isa = PBXFileReference; lastKnownFileType = sourcecode.swift; path = EventProvider.swift; sourceTree = "<group>"; };
		F7E89ED720C951F000B5E35E /* EventManager.swift */ = {isa = PBXFileReference; lastKnownFileType = sourcecode.swift; path = EventManager.swift; sourceTree = "<group>"; };
		F7E89EE120CA9FB800B5E35E /* GameOverViewController.swift */ = {isa = PBXFileReference; lastKnownFileType = sourcecode.swift; path = GameOverViewController.swift; sourceTree = "<group>"; };
		F7E89EEF20CADD4A00B5E35E /* CorrectDing.wav */ = {isa = PBXFileReference; lastKnownFileType = audio.wav; path = CorrectDing.wav; sourceTree = "<group>"; };
		F7E89EF120CADD5D00B5E35E /* down.wav */ = {isa = PBXFileReference; lastKnownFileType = audio.wav; path = down.wav; sourceTree = "<group>"; };
		F7E89EF320CADD6600B5E35E /* IncorrectBuzz.wav */ = {isa = PBXFileReference; lastKnownFileType = audio.wav; path = IncorrectBuzz.wav; sourceTree = "<group>"; };
		F7E89EF520CADD6E00B5E35E /* NFF-surpriser.wav */ = {isa = PBXFileReference; lastKnownFileType = audio.wav; path = "NFF-surpriser.wav"; sourceTree = "<group>"; };
		F7E89EF720CADD7900B5E35E /* up.wav */ = {isa = PBXFileReference; lastKnownFileType = audio.wav; path = up.wav; sourceTree = "<group>"; };
		F7E89EF920CADD9500B5E35E /* NFF-sublime.wav */ = {isa = PBXFileReference; lastKnownFileType = audio.wav; path = "NFF-sublime.wav"; sourceTree = "<group>"; };
/* End PBXFileReference section */

/* Begin PBXFrameworksBuildPhase section */
		F7E89EBD20C8AEA400B5E35E /* Frameworks */ = {
			isa = PBXFrameworksBuildPhase;
			buildActionMask = 2147483647;
			files = (
			);
			runOnlyForDeploymentPostprocessing = 0;
		};
/* End PBXFrameworksBuildPhase section */

/* Begin PBXGroup section */
		F7E89EB720C8AEA400B5E35E = {
			isa = PBXGroup;
			children = (
				F7E89EC220C8AEA400B5E35E /* aboutTime */,
				F7E89EC120C8AEA400B5E35E /* Products */,
			);
			sourceTree = "<group>";
		};
		F7E89EC120C8AEA400B5E35E /* Products */ = {
			isa = PBXGroup;
			children = (
				F7E89EC020C8AEA400B5E35E /* aboutTime.app */,
			);
			name = Products;
			sourceTree = "<group>";
		};
		F7E89EC220C8AEA400B5E35E /* aboutTime */ = {
			isa = PBXGroup;
			children = (
				F7E89EC320C8AEA400B5E35E /* AppDelegate.swift */,
				F7E89EC520C8AEA400B5E35E /* ViewController.swift */,
				F7E89EE120CA9FB800B5E35E /* GameOverViewController.swift */,
				F7E89EC720C8AEA400B5E35E /* Main.storyboard */,
				F7E89ECA20C8AEA700B5E35E /* Assets.xcassets */,
				F7E89ECC20C8AEA700B5E35E /* LaunchScreen.storyboard */,
				F7E89ECF20C8AEA700B5E35E /* Info.plist */,
				F7E89EEF20CADD4A00B5E35E /* CorrectDing.wav */,
				F7E89EF320CADD6600B5E35E /* IncorrectBuzz.wav */,
				F7E89EF520CADD6E00B5E35E /* NFF-surpriser.wav */,
				F7E89EF920CADD9500B5E35E /* NFF-sublime.wav */,
				F7E89EF720CADD7900B5E35E /* up.wav */,
				F7E89EF120CADD5D00B5E35E /* down.wav */,
				F7E89ED520C93B1F00B5E35E /* EventProvider.swift */,
				F7E89ED720C951F000B5E35E /* EventManager.swift */,
			);
			path = aboutTime;
			sourceTree = "<group>";
		};
/* End PBXGroup section */

/* Begin PBXNativeTarget section */
		F7E89EBF20C8AEA400B5E35E /* aboutTime */ = {
			isa = PBXNativeTarget;
			buildConfigurationList = F7E89ED220C8AEA700B5E35E /* Build configuration list for PBXNativeTarget "aboutTime" */;
			buildPhases = (
				F7E89EBC20C8AEA400B5E35E /* Sources */,
				F7E89EBD20C8AEA400B5E35E /* Frameworks */,
				F7E89EBE20C8AEA400B5E35E /* Resources */,
			);
			buildRules = (
			);
			dependencies = (
			);
			name = aboutTime;
			productName = aboutTime;
			productReference = F7E89EC020C8AEA400B5E35E /* aboutTime.app */;
			productType = "com.apple.product-type.application";
		};
/* End PBXNativeTarget section */

/* Begin PBXProject section */
		F7E89EB820C8AEA400B5E35E /* Project object */ = {
			isa = PBXProject;
			attributes = {
				LastSwiftUpdateCheck = 0940;
				LastUpgradeCheck = 0940;
				ORGANIZATIONNAME = "Tong Wang";
				TargetAttributes = {
					F7E89EBF20C8AEA400B5E35E = {
						CreatedOnToolsVersion = 9.4;
					};
				};
			};
			buildConfigurationList = F7E89EBB20C8AEA400B5E35E /* Build configuration list for PBXProject "aboutTime" */;
			compatibilityVersion = "Xcode 9.3";
			developmentRegion = en;
			hasScannedForEncodings = 0;
			knownRegions = (
				en,
				Base,
			);
			mainGroup = F7E89EB720C8AEA400B5E35E;
			productRefGroup = F7E89EC120C8AEA400B5E35E /* Products */;
			projectDirPath = "";
			projectRoot = "";
			targets = (
				F7E89EBF20C8AEA400B5E35E /* aboutTime */,
			);
		};
/* End PBXProject section */

/* Begin PBXResourcesBuildPhase section */
		F7E89EBE20C8AEA400B5E35E /* Resources */ = {
			isa = PBXResourcesBuildPhase;
			buildActionMask = 2147483647;
			files = (
				F7E89EF220CADD5D00B5E35E /* down.wav in Resources */,
				F7E89ECE20C8AEA700B5E35E /* LaunchScreen.storyboard in Resources */,
				F7E89ECB20C8AEA700B5E35E /* Assets.xcassets in Resources */,
				F7E89EFA20CADD9500B5E35E /* NFF-sublime.wav in Resources */,
				F7E89EF420CADD6600B5E35E /* IncorrectBuzz.wav in Resources */,
				F7E89EC920C8AEA400B5E35E /* Main.storyboard in Resources */,
				F7E89EF620CADD6E00B5E35E /* NFF-surpriser.wav in Resources */,
				F7E89EF020CADD4A00B5E35E /* CorrectDing.wav in Resources */,
				F7E89EF820CADD7900B5E35E /* up.wav in Resources */,
			);
			runOnlyForDeploymentPostprocessing = 0;
		};
/* End PBXResourcesBuildPhase section */

/* Begin PBXSourcesBuildPhase section */
		F7E89EBC20C8AEA400B5E35E /* Sources */ = {
			isa = PBXSourcesBuildPhase;
			buildActionMask = 2147483647;
			files = (
				F7E89ED620C93B1F00B5E35E /* EventProvider.swift in Sources */,
				F7E89EC620C8AEA400B5E35E /* ViewController.swift in Sources */,
				F7E89ED820C951F000B5E35E /* EventManager.swift in Sources */,
				F7E89EC420C8AEA400B5E35E /* AppDelegate.swift in Sources */,
				F7E89EE220CA9FB800B5E35E /* GameOverViewController.swift in Sources */,
			);
			runOnlyForDeploymentPostprocessing = 0;
		};
/* End PBXSourcesBuildPhase section */

/* Begin PBXVariantGroup section */
		F7E89EC720C8AEA400B5E35E /* Main.storyboard */ = {
			isa = PBXVariantGroup;
			children = (
				F7E89EC820C8AEA400B5E35E /* Base */,
			);
			name = Main.storyboard;
			sourceTree = "<group>";
		};
		F7E89ECC20C8AEA700B5E35E /* LaunchScreen.storyboard */ = {
			isa = PBXVariantGroup;
			children = (
				F7E89ECD20C8AEA700B5E35E /* Base */,
			);
			name = LaunchScreen.storyboard;
			sourceTree = "<group>";
		};
/* End PBXVariantGroup section */

/* Begin XCBuildConfiguration section */
		F7E89ED020C8AEA700B5E35E /* Debug */ = {
			isa = XCBuildConfiguration;
			buildSettings = {
				ALWAYS_SEARCH_USER_PATHS = NO;
				CLANG_ANALYZER_NONNULL = YES;
				CLANG_ANALYZER_NUMBER_OBJECT_CONVERSION = YES_AGGRESSIVE;
				CLANG_CXX_LANGUAGE_STANDARD = "gnu++14";
				CLANG_CXX_LIBRARY = "libc++";
				CLANG_ENABLE_MODULES = YES;
				CLANG_ENABLE_OBJC_ARC = YES;
				CLANG_ENABLE_OBJC_WEAK = YES;
				CLANG_WARN_BLOCK_CAPTURE_AUTORELEASING = YES;
				CLANG_WARN_BOOL_CONVERSION = YES;
				CLANG_WARN_COMMA = YES;
				CLANG_WARN_CONSTANT_CONVERSION = YES;
				CLANG_WARN_DEPRECATED_OBJC_IMPLEMENTATIONS = YES;
				CLANG_WARN_DIRECT_OBJC_ISA_USAGE = YES_ERROR;
				CLANG_WARN_DOCUMENTATION_COMMENTS = YES;
				CLANG_WARN_EMPTY_BODY = YES;
				CLANG_WARN_ENUM_CONVERSION = YES;
				CLANG_WARN_INFINITE_RECURSION = YES;
				CLANG_WARN_INT_CONVERSION = YES;
				CLANG_WARN_NON_LITERAL_NULL_CONVERSION = YES;
				CLANG_WARN_OBJC_IMPLICIT_RETAIN_SELF = YES;
				CLANG_WARN_OBJC_LITERAL_CONVERSION = YES;
				CLANG_WARN_OBJC_ROOT_CLASS = YES_ERROR;
				CLANG_WARN_RANGE_LOOP_ANALYSIS = YES;
				CLANG_WARN_STRICT_PROTOTYPES = YES;
				CLANG_WARN_SUSPICIOUS_MOVE = YES;
				CLANG_WARN_UNGUARDED_AVAILABILITY = YES_AGGRESSIVE;
				CLANG_WARN_UNREACHABLE_CODE = YES;
				CLANG_WARN__DUPLICATE_METHOD_MATCH = YES;
				CODE_SIGN_IDENTITY = "iPhone Developer";
				COPY_PHASE_STRIP = NO;
				DEBUG_INFORMATION_FORMAT = dwarf;
				ENABLE_STRICT_OBJC_MSGSEND = YES;
				ENABLE_TESTABILITY = YES;
				GCC_C_LANGUAGE_STANDARD = gnu11;
				GCC_DYNAMIC_NO_PIC = NO;
				GCC_NO_COMMON_BLOCKS = YES;
				GCC_OPTIMIZATION_LEVEL = 0;
				GCC_PREPROCESSOR_DEFINITIONS = (
					"DEBUG=1",
					"$(inherited)",
				);
				GCC_WARN_64_TO_32_BIT_CONVERSION = YES;
				GCC_WARN_ABOUT_RETURN_TYPE = YES_ERROR;
				GCC_WARN_UNDECLARED_SELECTOR = YES;
				GCC_WARN_UNINITIALIZED_AUTOS = YES_AGGRESSIVE;
				GCC_WARN_UNUSED_FUNCTION = YES;
				GCC_WARN_UNUSED_VARIABLE = YES;
				IPHONEOS_DEPLOYMENT_TARGET = 11.4;
				MTL_ENABLE_DEBUG_INFO = YES;
				ONLY_ACTIVE_ARCH = YES;
				SDKROOT = iphoneos;
				SWIFT_ACTIVE_COMPILATION_CONDITIONS = DEBUG;
				SWIFT_OPTIMIZATION_LEVEL = "-Onone";
			};
			name = Debug;
		};
		F7E89ED120C8AEA700B5E35E /* Release */ = {
			isa = XCBuildConfiguration;
			buildSettings = {
				ALWAYS_SEARCH_USER_PATHS = NO;
				CLANG_ANALYZER_NONNULL = YES;
				CLANG_ANALYZER_NUMBER_OBJECT_CONVERSION = YES_AGGRESSIVE;
				CLANG_CXX_LANGUAGE_STANDARD = "gnu++14";
				CLANG_CXX_LIBRARY = "libc++";
				CLANG_ENABLE_MODULES = YES;
				CLANG_ENABLE_OBJC_ARC = YES;
				CLANG_ENABLE_OBJC_WEAK = YES;
				CLANG_WARN_BLOCK_CAPTURE_AUTORELEASING = YES;
				CLANG_WARN_BOOL_CONVERSION = YES;
				CLANG_WARN_COMMA = YES;
				CLANG_WARN_CONSTANT_CONVERSION = YES;
				CLANG_WARN_DEPRECATED_OBJC_IMPLEMENTATIONS = YES;
				CLANG_WARN_DIRECT_OBJC_ISA_USAGE = YES_ERROR;
				CLANG_WARN_DOCUMENTATION_COMMENTS = YES;
				CLANG_WARN_EMPTY_BODY = YES;
				CLANG_WARN_ENUM_CONVERSION = YES;
				CLANG_WARN_INFINITE_RECURSION = YES;
				CLANG_WARN_INT_CONVERSION = YES;
				CLANG_WARN_NON_LITERAL_NULL_CONVERSION = YES;
				CLANG_WARN_OBJC_IMPLICIT_RETAIN_SELF = YES;
				CLANG_WARN_OBJC_LITERAL_CONVERSION = YES;
				CLANG_WARN_OBJC_ROOT_CLASS = YES_ERROR;
				CLANG_WARN_RANGE_LOOP_ANALYSIS = YES;
				CLANG_WARN_STRICT_PROTOTYPES = YES;
				CLANG_WARN_SUSPICIOUS_MOVE = YES;
				CLANG_WARN_UNGUARDED_AVAILABILITY = YES_AGGRESSIVE;
				CLANG_WARN_UNREACHABLE_CODE = YES;
				CLANG_WARN__DUPLICATE_METHOD_MATCH = YES;
				CODE_SIGN_IDENTITY = "iPhone Developer";
				COPY_PHASE_STRIP = NO;
				DEBUG_INFORMATION_FORMAT = "dwarf-with-dsym";
				ENABLE_NS_ASSERTIONS = NO;
				ENABLE_STRICT_OBJC_MSGSEND = YES;
				GCC_C_LANGUAGE_STANDARD = gnu11;
				GCC_NO_COMMON_BLOCKS = YES;
				GCC_WARN_64_TO_32_BIT_CONVERSION = YES;
				GCC_WARN_ABOUT_RETURN_TYPE = YES_ERROR;
				GCC_WARN_UNDECLARED_SELECTOR = YES;
				GCC_WARN_UNINITIALIZED_AUTOS = YES_AGGRESSIVE;
				GCC_WARN_UNUSED_FUNCTION = YES;
				GCC_WARN_UNUSED_VARIABLE = YES;
				IPHONEOS_DEPLOYMENT_TARGET = 11.4;
				MTL_ENABLE_DEBUG_INFO = NO;
				SDKROOT = iphoneos;
				SWIFT_COMPILATION_MODE = wholemodule;
				SWIFT_OPTIMIZATION_LEVEL = "-O";
				VALIDATE_PRODUCT = YES;
			};
			name = Release;
		};
		F7E89ED320C8AEA700B5E35E /* Debug */ = {
			isa = XCBuildConfiguration;
			buildSettings = {
				ASSETCATALOG_COMPILER_APPICON_NAME = AppIcon;
				CODE_SIGN_STYLE = Automatic;
				DEVELOPMENT_TEAM = 7F3MX7T94R;
				INFOPLIST_FILE = aboutTime/Info.plist;
				LD_RUNPATH_SEARCH_PATHS = (
					"$(inherited)",
					"@executable_path/Frameworks",
				);
				PRODUCT_BUNDLE_IDENTIFIER = TongWang.aboutTime;
				PRODUCT_NAME = "$(TARGET_NAME)";
				SWIFT_VERSION = 4.0;
				TARGETED_DEVICE_FAMILY = "1,2";
			};
			name = Debug;
		};
		F7E89ED420C8AEA700B5E35E /* Release */ = {
			isa = XCBuildConfiguration;
			buildSettings = {
				ASSETCATALOG_COMPILER_APPICON_NAME = AppIcon;
				CODE_SIGN_STYLE = Automatic;
				DEVELOPMENT_TEAM = 7F3MX7T94R;
				INFOPLIST_FILE = aboutTime/Info.plist;
				LD_RUNPATH_SEARCH_PATHS = (
					"$(inherited)",
					"@executable_path/Frameworks",
				);
				PRODUCT_BUNDLE_IDENTIFIER = TongWang.aboutTime;
				PRODUCT_NAME = "$(TARGET_NAME)";
				SWIFT_VERSION = 4.0;
				TARGETED_DEVICE_FAMILY = "1,2";
			};
			name = Release;
		};
/* End XCBuildConfiguration section */

/* Begin XCConfigurationList section */
		F7E89EBB20C8AEA400B5E35E /* Build configuration list for PBXProject "aboutTime" */ = {
			isa = XCConfigurationList;
			buildConfigurations = (
				F7E89ED020C8AEA700B5E35E /* Debug */,
				F7E89ED120C8AEA700B5E35E /* Release */,
			);
			defaultConfigurationIsVisible = 0;
			defaultConfigurationName = Release;
		};
		F7E89ED220C8AEA700B5E35E /* Build configuration list for PBXNativeTarget "aboutTime" */ = {
			isa = XCConfigurationList;
			buildConfigurations = (
				F7E89ED320C8AEA700B5E35E /* Debug */,
				F7E89ED420C8AEA700B5E35E /* Release */,
			);
			defaultConfigurationIsVisible = 0;
			defaultConfigurationName = Release;
		};
/* End XCConfigurationList section */
	};
	rootObject = F7E89EB820C8AEA400B5E35E /* Project object */;
}
